Microsoft Visual Studio Solution File, Format Version 12.00
# Visual Studio 15
VisualStudioVersion = 15.0.27428.2043
MinimumVisualStudioVersion = 10.0.40219.1
Project("{FAE04EC0-301F-11D3-BF4B-00C04F79EFBC}") = "TechPush.iOS", "iOS\TechPush.iOS.csproj", "{DA49C857-9799-4EEE-9400-D94919339BE9}"
EndProject
Project("{FAE04EC0-301F-11D3-BF4B-00C04F79EFBC}") = "TechPush.Droid", "Droid\TechPush.Droid.csproj", "{DAA7D189-86B5-454B-99DC-CE103385AC64}"
EndProject
Project("{2150E333-8FDC-42A3-9474-1A3956D46DE8}") = "Core", "Core", "{4F3B213C-3076-4107-8CEA-BFB7CA00E863}"
EndProject
Project("{9A19103F-16F7-4668-BE54-9A1E7A4F7556}") = "TechPush.Data", "TechPush.Data\TechPush.Data.csproj", "{B9709BA4-88D9-4E25-B264-64DD055B01C4}"
EndProject
Project("{9A19103F-16F7-4668-BE54-9A1E7A4F7556}") = "TechPush.Bussiness", "TechPush.Bussiness\TechPush.Bussiness.csproj", "{35537996-F91E-4472-B473-85AE71C3F698}"
EndProject
Project("{9A19103F-16F7-4668-BE54-9A1E7A4F7556}") = "TechPush.Core", "TechPush.Core\TechPush.Core.csproj", "{B4A7FA22-21FA-453F-8561-116FAA5D8708}"
EndProject
Project("{9A19103F-16F7-4668-BE54-9A1E7A4F7556}") = "TechPush", "TechPush\TechPush\TechPush.csproj", "{F81446D7-F139-46AB-BC79-7987F79659D5}"
EndProject
Global
	GlobalSection(SolutionConfigurationPlatforms) = preSolution
		Debug|Any CPU = Debug|Any CPU
		Debug|ARM = Debug|ARM
		Debug|iPhone = Debug|iPhone
		Debug|iPhoneSimulator = Debug|iPhoneSimulator
		Debug|x64 = Debug|x64
		Debug|x86 = Debug|x86
		Release|Any CPU = Release|Any CPU
		Release|ARM = Release|ARM
		Release|iPhone = Release|iPhone
		Release|iPhoneSimulator = Release|iPhoneSimulator
		Release|x64 = Release|x64
		Release|x86 = Release|x86
	EndGlobalSection
	GlobalSection(ProjectConfigurationPlatforms) = postSolution
		{DA49C857-9799-4EEE-9400-D94919339BE9}.Debug|Any CPU.ActiveCfg = Debug|iPhoneSimulator
		{DA49C857-9799-4EEE-9400-D94919339BE9}.Debug|Any CPU.Build.0 = Debug|iPhoneSimulator
		{DA49C857-9799-4EEE-9400-D94919339BE9}.Debug|ARM.ActiveCfg = Debug|iPhone
		{DA49C857-9799-4EEE-9400-D94919339BE9}.Debug|iPhone.ActiveCfg = Debug|iPhone
		{DA49C857-9799-4EEE-9400-D94919339BE9}.Debug|iPhone.Build.0 = Debug|iPhone
		{DA49C857-9799-4EEE-9400-D94919339BE9}.Debug|iPhoneSimulator.ActiveCfg = Debug|iPhoneSimulator
		{DA49C857-9799-4EEE-9400-D94919339BE9}.Debug|iPhoneSimulator.Build.0 = Debug|iPhoneSimulator
		{DA49C857-9799-4EEE-9400-D94919339BE9}.Debug|x64.ActiveCfg = Debug|iPhone
		{DA49C857-9799-4EEE-9400-D94919339BE9}.Debug|x86.ActiveCfg = Debug|iPhone
		{DA49C857-9799-4EEE-9400-D94919339BE9}.Release|Any CPU.ActiveCfg = Release|iPhone
		{DA49C857-9799-4EEE-9400-D94919339BE9}.Release|Any CPU.Build.0 = Release|iPhone
		{DA49C857-9799-4EEE-9400-D94919339BE9}.Release|ARM.ActiveCfg = Release|iPhoneSimulator
		{DA49C857-9799-4EEE-9400-D94919339BE9}.Release|iPhone.ActiveCfg = Release|iPhone
		{DA49C857-9799-4EEE-9400-D94919339BE9}.Release|iPhone.Build.0 = Release|iPhone
		{DA49C857-9799-4EEE-9400-D94919339BE9}.Release|iPhoneSimulator.ActiveCfg = Release|iPhoneSimulator
		{DA49C857-9799-4EEE-9400-D94919339BE9}.Release|iPhoneSimulator.Build.0 = Release|iPhoneSimulator
		{DA49C857-9799-4EEE-9400-D94919339BE9}.Release|x64.ActiveCfg = Release|iPhoneSimulator
		{DA49C857-9799-4EEE-9400-D94919339BE9}.Release|x86.ActiveCfg = Release|iPhoneSimulator
		{DAA7D189-86B5-454B-99DC-CE103385AC64}.Debug|Any CPU.ActiveCfg = Debug|Any CPU
		{DAA7D189-86B5-454B-99DC-CE103385AC64}.Debug|Any CPU.Build.0 = Debug|Any CPU
		{DAA7D189-86B5-454B-99DC-CE103385AC64}.Debug|Any CPU.Deploy.0 = Debug|Any CPU
		{DAA7D189-86B5-454B-99DC-CE103385AC64}.Debug|ARM.ActiveCfg = Debug|Any CPU
		{DAA7D189-86B5-454B-99DC-CE103385AC64}.Debug|ARM.Build.0 = Debug|Any CPU
		{DAA7D189-86B5-454B-99DC-CE103385AC64}.Debug|ARM.Deploy.0 = Debug|Any CPU
		{DAA7D189-86B5-454B-99DC-CE103385AC64}.Debug|iPhone.ActiveCfg = Debug|Any CPU
		{DAA7D189-86B5-454B-99DC-CE103385AC64}.Debug|iPhone.Build.0 = Debug|Any CPU
		{DAA7D189-86B5-454B-99DC-CE103385AC64}.Debug|iPhoneSimulator.ActiveCfg = Debug|Any CPU
		{DAA7D189-86B5-454B-99DC-CE103385AC64}.Debug|iPhoneSimulator.Build.0 = Debug|Any CPU
		{DAA7D189-86B5-454B-99DC-CE103385AC64}.Debug|x64.ActiveCfg = Debug|Any CPU
		{DAA7D189-86B5-454B-99DC-CE103385AC64}.Debug|x64.Build.0 = Debug|Any CPU
		{DAA7D189-86B5-454B-99DC-CE103385AC64}.Debug|x64.Deploy.0 = Debug|Any CPU
		{DAA7D189-86B5-454B-99DC-CE103385AC64}.Debug|x86.ActiveCfg = Debug|Any CPU
		{DAA7D189-86B5-454B-99DC-CE103385AC64}.Debug|x86.Build.0 = Debug|Any CPU
		{DAA7D189-86B5-454B-99DC-CE103385AC64}.Debug|x86.Deploy.0 = Debug|Any CPU
		{DAA7D189-86B5-454B-99DC-CE103385AC64}.Release|Any CPU.ActiveCfg = Release|Any CPU
		{DAA7D189-86B5-454B-99DC-CE103385AC64}.Release|Any CPU.Build.0 = Release|Any CPU
		{DAA7D189-86B5-454B-99DC-CE103385AC64}.Release|Any CPU.Deploy.0 = Release|Any CPU
		{DAA7D189-86B5-454B-99DC-CE103385AC64}.Release|ARM.ActiveCfg = Release|Any CPU
		{DAA7D189-86B5-454B-99DC-CE103385AC64}.Release|ARM.Build.0 = Release|Any CPU
		{DAA7D189-86B5-454B-99DC-CE103385AC64}.Release|ARM.Deploy.0 = Release|Any CPU
		{DAA7D189-86B5-454B-99DC-CE103385AC64}.Release|iPhone.ActiveCfg = Release|Any CPU
		{DAA7D189-86B5-454B-99DC-CE103385AC64}.Release|iPhone.Build.0 = Release|Any CPU
		{DAA7D189-86B5-454B-99DC-CE103385AC64}.Release|iPhoneSimulator.ActiveCfg = Release|Any CPU
		{DAA7D189-86B5-454B-99DC-CE103385AC64}.Release|iPhoneSimulator.Build.0 = Release|Any CPU
		{DAA7D189-86B5-454B-99DC-CE103385AC64}.Release|x64.ActiveCfg = Release|Any CPU
		{DAA7D189-86B5-454B-99DC-CE103385AC64}.Release|x64.Build.0 = Release|Any CPU
		{DAA7D189-86B5-454B-99DC-CE103385AC64}.Release|x64.Deploy.0 = Release|Any CPU
		{DAA7D189-86B5-454B-99DC-CE103385AC64}.Release|x86.ActiveCfg = Release|Any CPU
		{DAA7D189-86B5-454B-99DC-CE103385AC64}.Release|x86.Build.0 = Release|Any CPU
		{DAA7D189-86B5-454B-99DC-CE103385AC64}.Release|x86.Deploy.0 = Release|Any CPU
		{B9709BA4-88D9-4E25-B264-64DD055B01C4}.Debug|Any CPU.ActiveCfg = Debug|Any CPU
		{B9709BA4-88D9-4E25-B264-64DD055B01C4}.Debug|Any CPU.Build.0 = Debug|Any CPU
		{B9709BA4-88D9-4E25-B264-64DD055B01C4}.Debug|ARM.ActiveCfg = Debug|Any CPU
		{B9709BA4-88D9-4E25-B264-64DD055B01C4}.Debug|ARM.Build.0 = Debug|Any CPU
		{B9709BA4-88D9-4E25-B264-64DD055B01C4}.Debug|iPhone.ActiveCfg = Debug|Any CPU
		{B9709BA4-88D9-4E25-B264-64DD055B01C4}.Debug|iPhone.Build.0 = Debug|Any CPU
		{B9709BA4-88D9-4E25-B264-64DD055B01C4}.Debug|iPhoneSimulator.ActiveCfg = Debug|Any CPU
		{B9709BA4-88D9-4E25-B264-64DD055B01C4}.Debug|iPhoneSimulator.Build.0 = Debug|Any CPU
		{B9709BA4-88D9-4E25-B264-64DD055B01C4}.Debug|x64.ActiveCfg = Debug|Any CPU
		{B9709BA4-88D9-4E25-B264-64DD055B01C4}.Debug|x64.Build.0 = Debug|Any CPU
		{B9709BA4-88D9-4E25-B264-64DD055B01C4}.Debug|x86.ActiveCfg = Debug|Any CPU
		{B9709BA4-88D9-4E25-B264-64DD055B01C4}.Debug|x86.Build.0 = Debug|Any CPU
		{B9709BA4-88D9-4E25-B264-64DD055B01C4}.Release|Any CPU.ActiveCfg = Release|Any CPU
		{B9709BA4-88D9-4E25-B264-64DD055B01C4}.Release|Any CPU.Build.0 = Release|Any CPU
		{B9709BA4-88D9-4E25-B264-64DD055B01C4}.Release|ARM.ActiveCfg = Release|Any CPU
		{B9709BA4-88D9-4E25-B264-64DD055B01C4}.Release|ARM.Build.0 = Release|Any CPU
		{B9709BA4-88D9-4E25-B264-64DD055B01C4}.Release|iPhone.ActiveCfg = Release|Any CPU
		{B9709BA4-88D9-4E25-B264-64DD055B01C4}.Release|iPhone.Build.0 = Release|Any CPU
		{B9709BA4-88D9-4E25-B264-64DD055B01C4}.Release|iPhoneSimulator.ActiveCfg = Release|Any CPU
		{B9709BA4-88D9-4E25-B264-64DD055B01C4}.Release|iPhoneSimulator.Build.0 = Release|Any CPU
		{B9709BA4-88D9-4E25-B264-64DD055B01C4}.Release|x64.ActiveCfg = Release|Any CPU
		{B9709BA4-88D9-4E25-B264-64DD055B01C4}.Release|x64.Build.0 = Release|Any CPU
		{B9709BA4-88D9-4E25-B264-64DD055B01C4}.Release|x86.ActiveCfg = Release|Any CPU
		{B9709BA4-88D9-4E25-B264-64DD055B01C4}.Release|x86.Build.0 = Release|Any CPU
		{35537996-F91E-4472-B473-85AE71C3F698}.Debug|Any CPU.ActiveCfg = Debug|Any CPU
		{35537996-F91E-4472-B473-85AE71C3F698}.Debug|Any CPU.Build.0 = Debug|Any CPU
		{35537996-F91E-4472-B473-85AE71C3F698}.Debug|ARM.ActiveCfg = Debug|Any CPU
		{35537996-F91E-4472-B473-85AE71C3F698}.Debug|ARM.Build.0 = Debug|Any CPU
		{35537996-F91E-4472-B473-85AE71C3F698}.Debug|iPhone.ActiveCfg = Debug|Any CPU
		{35537996-F91E-4472-B473-85AE71C3F698}.Debug|iPhone.Build.0 = Debug|Any CPU
		{35537996-F91E-4472-B473-85AE71C3F698}.Debug|iPhoneSimulator.ActiveCfg = Debug|Any CPU
		{35537996-F91E-4472-B473-85AE71C3F698}.Debug|iPhoneSimulator.Build.0 = Debug|Any CPU
		{35537996-F91E-4472-B473-85AE71C3F698}.Debug|x64.ActiveCfg = Debug|Any CPU
		{35537996-F91E-4472-B473-85AE71C3F698}.Debug|x64.Build.0 = Debug|Any CPU
		{35537996-F91E-4472-B473-85AE71C3F698}.Debug|x86.ActiveCfg = Debug|Any CPU
		{35537996-F91E-4472-B473-85AE71C3F698}.Debug|x86.Build.0 = Debug|Any CPU
		{35537996-F91E-4472-B473-85AE71C3F698}.Release|Any CPU.ActiveCfg = Release|Any CPU
		{35537996-F91E-4472-B473-85AE71C3F698}.Release|Any CPU.Build.0 = Release|Any CPU
		{35537996-F91E-4472-B473-85AE71C3F698}.Release|ARM.ActiveCfg = Release|Any CPU
		{35537996-F91E-4472-B473-85AE71C3F698}.Release|ARM.Build.0 = Release|Any CPU
		{35537996-F91E-4472-B473-85AE71C3F698}.Release|iPhone.ActiveCfg = Release|Any CPU
		{35537996-F91E-4472-B473-85AE71C3F698}.Release|iPhone.Build.0 = Release|Any CPU
		{35537996-F91E-4472-B473-85AE71C3F698}.Release|iPhoneSimulator.ActiveCfg = Release|Any CPU
		{35537996-F91E-4472-B473-85AE71C3F698}.Release|iPhoneSimulator.Build.0 = Release|Any CPU
		{35537996-F91E-4472-B473-85AE71C3F698}.Release|x64.ActiveCfg = Release|Any CPU
		{35537996-F91E-4472-B473-85AE71C3F698}.Release|x64.Build.0 = Release|Any CPU
		{35537996-F91E-4472-B473-85AE71C3F698}.Release|x86.ActiveCfg = Release|Any CPU
		{35537996-F91E-4472-B473-85AE71C3F698}.Release|x86.Build.0 = Release|Any CPU
		{B4A7FA22-21FA-453F-8561-116FAA5D8708}.Debug|Any CPU.ActiveCfg = Debug|Any CPU
		{B4A7FA22-21FA-453F-8561-116FAA5D8708}.Debug|Any CPU.Build.0 = Debug|Any CPU
		{B4A7FA22-21FA-453F-8561-116FAA5D8708}.Debug|ARM.ActiveCfg = Debug|Any CPU
		{B4A7FA22-21FA-453F-8561-116FAA5D8708}.Debug|ARM.Build.0 = Debug|Any CPU
		{B4A7FA22-21FA-453F-8561-116FAA5D8708}.Debug|iPhone.ActiveCfg = Debug|Any CPU
		{B4A7FA22-21FA-453F-8561-116FAA5D8708}.Debug|iPhone.Build.0 = Debug|Any CPU
		{B4A7FA22-21FA-453F-8561-116FAA5D8708}.Debug|iPhoneSimulator.ActiveCfg = Debug|Any CPU
		{B4A7FA22-21FA-453F-8561-116FAA5D8708}.Debug|iPhoneSimulator.Build.0 = Debug|Any CPU
		{B4A7FA22-21FA-453F-8561-116FAA5D8708}.Debug|x64.ActiveCfg = Debug|Any CPU
		{B4A7FA22-21FA-453F-8561-116FAA5D8708}.Debug|x64.Build.0 = Debug|Any CPU
		{B4A7FA22-21FA-453F-8561-116FAA5D8708}.Debug|x86.ActiveCfg = Debug|Any CPU
		{B4A7FA22-21FA-453F-8561-116FAA5D8708}.Debug|x86.Build.0 = Debug|Any CPU
		{B4A7FA22-21FA-453F-8561-116FAA5D8708}.Release|Any CPU.ActiveCfg = Release|Any CPU
		{B4A7FA22-21FA-453F-8561-116FAA5D8708}.Release|Any CPU.Build.0 = Release|Any CPU
		{B4A7FA22-21FA-453F-8561-116FAA5D8708}.Release|ARM.ActiveCfg = Release|Any CPU
		{B4A7FA22-21FA-453F-8561-116FAA5D8708}.Release|ARM.Build.0 = Release|Any CPU
		{B4A7FA22-21FA-453F-8561-116FAA5D8708}.Release|iPhone.ActiveCfg = Release|Any CPU
		{B4A7FA22-21FA-453F-8561-116FAA5D8708}.Release|iPhone.Build.0 = Release|Any CPU
		{B4A7FA22-21FA-453F-8561-116FAA5D8708}.Release|iPhoneSimulator.ActiveCfg = Release|Any CPU
		{B4A7FA22-21FA-453F-8561-116FAA5D8708}.Release|iPhoneSimulator.Build.0 = Release|Any CPU
		{B4A7FA22-21FA-453F-8561-116FAA5D8708}.Release|x64.ActiveCfg = Release|Any CPU
		{B4A7FA22-21FA-453F-8561-116FAA5D8708}.Release|x64.Build.0 = Release|Any CPU
		{B4A7FA22-21FA-453F-8561-116FAA5D8708}.Release|x86.ActiveCfg = Release|Any CPU
		{B4A7FA22-21FA-453F-8561-116FAA5D8708}.Release|x86.Build.0 = Release|Any CPU
		{F81446D7-F139-46AB-BC79-7987F79659D5}.Debug|Any CPU.ActiveCfg = Debug|Any CPU
		{F81446D7-F139-46AB-BC79-7987F79659D5}.Debug|Any CPU.Build.0 = Debug|Any CPU
		{F81446D7-F139-46AB-BC79-7987F79659D5}.Debug|ARM.ActiveCfg = Debug|Any CPU
		{F81446D7-F139-46AB-BC79-7987F79659D5}.Debug|ARM.Build.0 = Debug|Any CPU
		{F81446D7-F139-46AB-BC79-7987F79659D5}.Debug|iPhone.ActiveCfg = Debug|Any CPU
		{F81446D7-F139-46AB-BC79-7987F79659D5}.Debug|iPhone.Build.0 = Debug|Any CPU
		{F81446D7-F139-46AB-BC79-7987F79659D5}.Debug|iPhoneSimulator.ActiveCfg = Debug|Any CPU
		{F81446D7-F139-46AB-BC79-7987F79659D5}.Debug|iPhoneSimulator.Build.0 = Debug|Any CPU
		{F81446D7-F139-46AB-BC79-7987F79659D5}.Debug|x64.ActiveCfg = Debug|Any CPU
		{F81446D7-F139-46AB-BC79-7987F79659D5}.Debug|x64.Build.0 = Debug|Any CPU
		{F81446D7-F139-46AB-BC79-7987F79659D5}.Debug|x86.ActiveCfg = Debug|Any CPU
		{F81446D7-F139-46AB-BC79-7987F79659D5}.Debug|x86.Build.0 = Debug|Any CPU
		{F81446D7-F139-46AB-BC79-7987F79659D5}.Release|Any CPU.ActiveCfg = Release|Any CPU
		{F81446D7-F139-46AB-BC79-7987F79659D5}.Release|Any CPU.Build.0 = Release|Any CPU
		{F81446D7-F139-46AB-BC79-7987F79659D5}.Release|ARM.ActiveCfg = Release|Any CPU
		{F81446D7-F139-46AB-BC79-7987F79659D5}.Release|ARM.Build.0 = Release|Any CPU
		{F81446D7-F139-46AB-BC79-7987F79659D5}.Release|iPhone.ActiveCfg = Release|Any CPU
		{F81446D7-F139-46AB-BC79-7987F79659D5}.Release|iPhone.Build.0 = Release|Any CPU
		{F81446D7-F139-46AB-BC79-7987F79659D5}.Release|iPhoneSimulator.ActiveCfg = Release|Any CPU
		{F81446D7-F139-46AB-BC79-7987F79659D5}.Release|iPhoneSimulator.Build.0 = Release|Any CPU
		{F81446D7-F139-46AB-BC79-7987F79659D5}.Release|x64.ActiveCfg = Release|Any CPU
		{F81446D7-F139-46AB-BC79-7987F79659D5}.Release|x64.Build.0 = Release|Any CPU
		{F81446D7-F139-46AB-BC79-7987F79659D5}.Release|x86.ActiveCfg = Release|Any CPU
		{F81446D7-F139-46AB-BC79-7987F79659D5}.Release|x86.Build.0 = Release|Any CPU
	EndGlobalSection
	GlobalSection(SolutionProperties) = preSolution
		HideSolutionNode = FALSE
	EndGlobalSection
	GlobalSection(NestedProjects) = preSolution
		{B9709BA4-88D9-4E25-B264-64DD055B01C4} = {4F3B213C-3076-4107-8CEA-BFB7CA00E863}
		{35537996-F91E-4472-B473-85AE71C3F698} = {4F3B213C-3076-4107-8CEA-BFB7CA00E863}
		{B4A7FA22-21FA-453F-8561-116FAA5D8708} = {4F3B213C-3076-4107-8CEA-BFB7CA00E863}
	EndGlobalSection
	GlobalSection(ExtensibilityGlobals) = postSolution
		SolutionGuid = {8953876B-C0F8-4280-A59F-32D64750FF68}
	EndGlobalSection
EndGlobal
